<?xml version="1.0" encoding="utf-8"?>
<Project ToolsVersion="4.0" xmlns="http://schemas.microsoft.com/developer/msbuild/2003">
  <ItemGroup>
    <ClCompile Include="Raft.cpp" />
    <ClCompile Include="stdafx.cpp" />
    <ClCompile Include="src\GameEntity.cpp" />
    <ClCompile Include="src\Level.cpp" />
    <ClCompile Include="src\Ball.cpp" />
    <ClCompile Include="src\Force.cpp" />
    <ClCompile Include="src\PowerUp.cpp" />
    <ClCompile Include="src\Menu.cpp" />
  </ItemGroup>
  <ItemGroup>
    <ClInclude Include="include\Ball.h" />
    <ClInclude Include="include\Force.h" />
    <ClInclude Include="include\GameEntity.h" />
    <ClInclude Include="include\Level.h" />
    <ClInclude Include="include\PowerUp.h" />
    <ClInclude Include="stdafx.h" />
    <ClInclude Include="targetver.h" />
    <ClInclude Include="include\BlackHole.h" />
    <ClInclude Include="include\Block.h" />
    <ClInclude Include="include\Player.h" />
    <ClInclude Include="include\Menu.h" />
  </ItemGroup>
  <ItemGroup>
    <Text Include="ReadMe.txt" />
  </ItemGroup>
  <ItemGroup>
    <None Include=".gitignore" />
  </ItemGroup>
  <ItemGroup>
    <Image Include="res\img\ball.png" />
  </ItemGroup>
  <ItemGroup>
    <Font Include="res\font\kenvector_future.ttf" />
  </ItemGroup>
</Project>